
Microsoft Visual Studio Solution File, Format Version 12.00
# Visual Studio Version 16
VisualStudioVersion = 16.0.29230.47
MinimumVisualStudioVersion = 10.0.40219.1
Project("{888888A0-9F3D-457C-B088-3A5042F75D52}") = "ContnetManagementSystem", "ContnetManagementSystem\ContnetManagementSystem.pyproj", "{535C0918-A844-44A1-A296-7E42B140FB0A}"
EndProject
Global
	GlobalSection(SolutionConfigurationPlatforms) = preSolution
		Debug|Any CPU = Debug|Any CPU
		Release|Any CPU = Release|Any CPU
	EndGlobalSection
	GlobalSection(ProjectConfigurationPlatforms) = postSolution
		{535C0918-A844-44A1-A296-7E42B140FB0A}.Debug|Any CPU.ActiveCfg = Debug|Any CPU
		{535C0918-A844-44A1-A296-7E42B140FB0A}.Debug|Any CPU.Build.0 = Debug|Any CPU
		{535C0918-A844-44A1-A296-7E42B140FB0A}.Release|Any CPU.ActiveCfg = Release|Any CPU
		{535C0918-A844-44A1-A296-7E42B140FB0A}.Release|Any CPU.Build.0 = Release|Any CPU
	EndGlobalSection
	GlobalSection(SolutionProperties) = preSolution
		HideSolutionNode = FALSE
	EndGlobalSection
	GlobalSection(ExtensibilityGlobals) = postSolution
		SolutionGuid = {E19C991B-F3ED-4BD0-B912-90EECA1D30AA}
	EndGlobalSection
EndGlobal
