
Microsoft Visual Studio Solution File, Format Version 12.00
# Visual Studio Version 16
VisualStudioVersion = 16.0.29230.47
MinimumVisualStudioVersion = 10.0.40219.1
Project("{888888A0-9F3D-457C-B088-3A5042F75D52}") = "ContentManagmentSystem", "ContentManagmentSystem\ContentManagmentSystem.pyproj", "{DC11A854-65D9-4D84-B4F3-370A85CF001A}"
EndProject
Global
	GlobalSection(SolutionConfigurationPlatforms) = preSolution
		Debug|Any CPU = Debug|Any CPU
		Release|Any CPU = Release|Any CPU
	EndGlobalSection
	GlobalSection(ProjectConfigurationPlatforms) = postSolution
		{DC11A854-65D9-4D84-B4F3-370A85CF001A}.Debug|Any CPU.ActiveCfg = Debug|Any CPU
		{DC11A854-65D9-4D84-B4F3-370A85CF001A}.Debug|Any CPU.Build.0 = Debug|Any CPU
		{DC11A854-65D9-4D84-B4F3-370A85CF001A}.Release|Any CPU.ActiveCfg = Release|Any CPU
		{DC11A854-65D9-4D84-B4F3-370A85CF001A}.Release|Any CPU.Build.0 = Release|Any CPU
	EndGlobalSection
	GlobalSection(SolutionProperties) = preSolution
		HideSolutionNode = FALSE
	EndGlobalSection
	GlobalSection(ExtensibilityGlobals) = postSolution
		SolutionGuid = {EE0769ED-C04F-4631-A1AB-9D9AB0355BE5}
	EndGlobalSection
EndGlobal
